
Microsoft Visual Studio Solution File, Format Version 12.00
# Visual Studio 15
Project("{FAE04EC0-301F-11D3-BF4B-00C04F79EFBC}") = "Oculus.Platform", "Oculus.Platform.csproj", "{DA58B445-B12B-82C6-7073-2064902CEEF5}"
EndProject
Project("{FAE04EC0-301F-11D3-BF4B-00C04F79EFBC}") = "Assembly-CSharp", "Assembly-CSharp.csproj", "{C9180E68-A5A9-0561-1B1F-2DD024B5E2F4}"
EndProject
Project("{FAE04EC0-301F-11D3-BF4B-00C04F79EFBC}") = "Oculus.Spatializer", "Oculus.Spatializer.csproj", "{D61FBC73-99F0-40AA-7518-39D6BDB03F33}"
EndProject
Project("{FAE04EC0-301F-11D3-BF4B-00C04F79EFBC}") = "Oculus.Interaction", "Oculus.Interaction.csproj", "{338308EC-41B0-DBD2-B13C-2CD270716695}"
EndProject
Project("{FAE04EC0-301F-11D3-BF4B-00C04F79EFBC}") = "Meta.WitAi", "Meta.WitAi.csproj", "{4A9B7129-E704-76B5-9283-8C5D1D556B01}"
EndProject
Project("{FAE04EC0-301F-11D3-BF4B-00C04F79EFBC}") = "Oculus.Interaction.OVR.Samples", "Oculus.Interaction.OVR.Samples.csproj", "{A55DB229-2311-BA75-ED6C-09836689C630}"
EndProject
Project("{FAE04EC0-301F-11D3-BF4B-00C04F79EFBC}") = "Oculus.VR", "Oculus.VR.csproj", "{BD50EDE9-0253-15F7-430D-E53CF582ACA1}"
EndProject
Project("{FAE04EC0-301F-11D3-BF4B-00C04F79EFBC}") = "VoiceSDK.Dictation.Runtime", "VoiceSDK.Dictation.Runtime.csproj", "{D56547E0-84BA-C272-11B2-141D4D4B4299}"
EndProject
Project("{FAE04EC0-301F-11D3-BF4B-00C04F79EFBC}") = "Meta.WitAi.TTS", "Meta.WitAi.TTS.csproj", "{3F2273F7-EDB8-CC37-9D49-C282D82B2597}"
EndProject
Project("{FAE04EC0-301F-11D3-BF4B-00C04F79EFBC}") = "Oculus.AudioManager", "Oculus.AudioManager.csproj", "{A1B3BF34-B803-B4AC-C3E1-05B525B4B692}"
EndProject
Project("{FAE04EC0-301F-11D3-BF4B-00C04F79EFBC}") = "VoiceSDK.Runtime", "VoiceSDK.Runtime.csproj", "{1EB5118A-1F44-1E80-DE23-CCD0F6D84E57}"
EndProject
Project("{FAE04EC0-301F-11D3-BF4B-00C04F79EFBC}") = "Facebook.Wit.Dictation", "Facebook.Wit.Dictation.csproj", "{FEBD15E3-53A7-FBD5-68E9-9618CAA10B09}"
EndProject
Project("{FAE04EC0-301F-11D3-BF4B-00C04F79EFBC}") = "Meta.WitAi.TTS.Samples", "Meta.WitAi.TTS.Samples.csproj", "{D30D036F-0821-DA9B-A564-6151E6890C26}"
EndProject
Project("{FAE04EC0-301F-11D3-BF4B-00C04F79EFBC}") = "Oculus.Voice.Demo", "Oculus.Voice.Demo.csproj", "{51AE004F-599D-F0F1-DC7A-8B28C2BF0B29}"
EndProject
Project("{FAE04EC0-301F-11D3-BF4B-00C04F79EFBC}") = "Meta.WitAi.Lib", "Meta.WitAi.Lib.csproj", "{E27E3ADC-9E7A-669A-C6C4-FC7EE73CEFA5}"
EndProject
Project("{FAE04EC0-301F-11D3-BF4B-00C04F79EFBC}") = "Oculus.Interaction.OVR", "Oculus.Interaction.OVR.csproj", "{5D189505-F754-F353-7B22-8216C984B464}"
EndProject
Project("{FAE04EC0-301F-11D3-BF4B-00C04F79EFBC}") = "AssistantCoreSDKRuntime", "AssistantCoreSDKRuntime.csproj", "{2968A260-D218-406D-9504-B558C247256D}"
EndProject
Project("{FAE04EC0-301F-11D3-BF4B-00C04F79EFBC}") = "Meta.WitAi.Conduit", "Meta.WitAi.Conduit.csproj", "{DAB4EBFD-CE21-70E8-A1FD-7B5DCE6BF0A9}"
EndProject
Project("{FAE04EC0-301F-11D3-BF4B-00C04F79EFBC}") = "Oculus.LipSync", "Oculus.LipSync.csproj", "{35BA0731-BC85-4CD3-40B7-D799949649D2}"
EndProject
Project("{FAE04EC0-301F-11D3-BF4B-00C04F79EFBC}") = "Meta.VoiceSDK.Mic.Other", "Meta.VoiceSDK.Mic.Other.csproj", "{C8D81145-8FF5-03C4-3DF8-87F206A0650B}"
EndProject
Project("{FAE04EC0-301F-11D3-BF4B-00C04F79EFBC}") = "Meta.VoiceSDK.Mic.Common", "Meta.VoiceSDK.Mic.Common.csproj", "{276C76F9-BCAF-EB67-9B06-D56E1C99D1D5}"
EndProject
Project("{FAE04EC0-301F-11D3-BF4B-00C04F79EFBC}") = "Meta.WitAi.Editor", "Meta.WitAi.Editor.csproj", "{85035168-6220-40EB-DD6E-010796FD3CDD}"
EndProject
Project("{FAE04EC0-301F-11D3-BF4B-00C04F79EFBC}") = "Meta.WitAi.Conduit.Editor", "Meta.WitAi.Conduit.Editor.csproj", "{1D64169A-FE6D-C1A0-A81F-A15E9057C77E}"
EndProject
Project("{FAE04EC0-301F-11D3-BF4B-00C04F79EFBC}") = "Oculus.Interaction.Editor", "Oculus.Interaction.Editor.csproj", "{1FBB42B6-F325-A112-B300-6D9F2994CF71}"
EndProject
Project("{FAE04EC0-301F-11D3-BF4B-00C04F79EFBC}") = "Meta.WitAI.Lib.Editor", "Meta.WitAI.Lib.Editor.csproj", "{979C724F-8572-6BCD-FE09-F76E9E72ECDC}"
EndProject
Project("{FAE04EC0-301F-11D3-BF4B-00C04F79EFBC}") = "Oculus.VR.Editor", "Oculus.VR.Editor.csproj", "{F154FCA6-9CED-F277-2B66-AC5342AF3811}"
EndProject
Project("{FAE04EC0-301F-11D3-BF4B-00C04F79EFBC}") = "Oculus.Interaction.OVR.Editor", "Oculus.Interaction.OVR.Editor.csproj", "{A53AAF87-CBFF-DBC2-E587-E86246B7E26B}"
EndProject
Project("{FAE04EC0-301F-11D3-BF4B-00C04F79EFBC}") = "Assembly-CSharp-Editor", "Assembly-CSharp-Editor.csproj", "{0B34349E-6A27-E0E9-82A9-3E5F690EC4C5}"
EndProject
Project("{FAE04EC0-301F-11D3-BF4B-00C04F79EFBC}") = "Oculus.Interaction.Samples.Editor", "Oculus.Interaction.Samples.Editor.csproj", "{8AB0C427-76CA-DC25-1B0B-CF5E0ABFCD17}"
EndProject
Project("{FAE04EC0-301F-11D3-BF4B-00C04F79EFBC}") = "Oculus.VR.Scripts.Editor", "Oculus.VR.Scripts.Editor.csproj", "{A5525516-0902-7572-DDBA-68213F296155}"
EndProject
Project("{FAE04EC0-301F-11D3-BF4B-00C04F79EFBC}") = "VoiceSDK.Editor", "VoiceSDK.Editor.csproj", "{D2D5D684-F3D5-0ADD-C8AA-6B48B458C69B}"
EndProject
Project("{FAE04EC0-301F-11D3-BF4B-00C04F79EFBC}") = "Oculus.Spatializer.Editor", "Oculus.Spatializer.Editor.csproj", "{66AE7340-AEE6-7875-719C-2B01A890C9A2}"
EndProject
Project("{FAE04EC0-301F-11D3-BF4B-00C04F79EFBC}") = "Meta.WitAi.TTS.Editor", "Meta.WitAi.TTS.Editor.csproj", "{4AA04D6A-E2F9-44BC-1798-E15B6E34A9E1}"
EndProject
Project("{FAE04EC0-301F-11D3-BF4B-00C04F79EFBC}") = "Facebook.Wit.Dictation.Editor", "Facebook.Wit.Dictation.Editor.csproj", "{0A39B778-9445-F546-A245-B81CFD5B81B7}"
EndProject
Project("{FAE04EC0-301F-11D3-BF4B-00C04F79EFBC}") = "VoiceSDK.Dictation.Editor", "VoiceSDK.Dictation.Editor.csproj", "{0744454D-4048-A290-A7E9-B0F11109602A}"
EndProject
Project("{FAE04EC0-301F-11D3-BF4B-00C04F79EFBC}") = "Oculus.Platform.Editor", "Oculus.Platform.Editor.csproj", "{51D776F5-6E53-0639-603C-F63550EA5928}"
EndProject
Project("{FAE04EC0-301F-11D3-BF4B-00C04F79EFBC}") = "Oculus.AudioManager.Audio.Editor", "Oculus.AudioManager.Audio.Editor.csproj", "{11521D73-5EB6-1A47-6251-92F5B7BCEA44}"
EndProject
Project("{FAE04EC0-301F-11D3-BF4B-00C04F79EFBC}") = "Oculus.Interaction.InterfaceSupport", "Oculus.Interaction.InterfaceSupport.csproj", "{C2FB340A-7F62-AF7A-D6FA-FE2A8E73AFA2}"
EndProject
Project("{FAE04EC0-301F-11D3-BF4B-00C04F79EFBC}") = "Oculus.LipSync.Editor", "Oculus.LipSync.Editor.csproj", "{B33E3CF5-05CB-637F-1DCC-B7588072A6AE}"
EndProject
Project("{FAE04EC0-301F-11D3-BF4B-00C04F79EFBC}") = "AssistantCoreSDKEditor", "AssistantCoreSDKEditor.csproj", "{414490F7-3390-AC8F-9FB4-E2686DD5674F}"
EndProject
Project("{FAE04EC0-301F-11D3-BF4B-00C04F79EFBC}") = "Oculus.AudioManager.Utils.Editor", "Oculus.AudioManager.Utils.Editor.csproj", "{CB8A65EF-0B62-6BF2-60F0-A40842CC7F2D}"
EndProject
Global
	GlobalSection(SolutionConfigurationPlatforms) = preSolution
		Debug|Any CPU = Debug|Any CPU
		Release|Any CPU = Release|Any CPU
	EndGlobalSection
	GlobalSection(ProjectConfigurationPlatforms) = postSolution
		{DA58B445-B12B-82C6-7073-2064902CEEF5}.Debug|Any CPU.ActiveCfg = Debug|Any CPU
		{DA58B445-B12B-82C6-7073-2064902CEEF5}.Debug|Any CPU.Build.0 = Debug|Any CPU
		{DA58B445-B12B-82C6-7073-2064902CEEF5}.Release|Any CPU.ActiveCfg = Release|Any CPU
		{DA58B445-B12B-82C6-7073-2064902CEEF5}.Release|Any CPU.Build.0 = Release|Any CPU
		{C9180E68-A5A9-0561-1B1F-2DD024B5E2F4}.Debug|Any CPU.ActiveCfg = Debug|Any CPU
		{C9180E68-A5A9-0561-1B1F-2DD024B5E2F4}.Debug|Any CPU.Build.0 = Debug|Any CPU
		{C9180E68-A5A9-0561-1B1F-2DD024B5E2F4}.Release|Any CPU.ActiveCfg = Release|Any CPU
		{C9180E68-A5A9-0561-1B1F-2DD024B5E2F4}.Release|Any CPU.Build.0 = Release|Any CPU
		{D61FBC73-99F0-40AA-7518-39D6BDB03F33}.Debug|Any CPU.ActiveCfg = Debug|Any CPU
		{D61FBC73-99F0-40AA-7518-39D6BDB03F33}.Debug|Any CPU.Build.0 = Debug|Any CPU
		{D61FBC73-99F0-40AA-7518-39D6BDB03F33}.Release|Any CPU.ActiveCfg = Release|Any CPU
		{D61FBC73-99F0-40AA-7518-39D6BDB03F33}.Release|Any CPU.Build.0 = Release|Any CPU
		{338308EC-41B0-DBD2-B13C-2CD270716695}.Debug|Any CPU.ActiveCfg = Debug|Any CPU
		{338308EC-41B0-DBD2-B13C-2CD270716695}.Debug|Any CPU.Build.0 = Debug|Any CPU
		{338308EC-41B0-DBD2-B13C-2CD270716695}.Release|Any CPU.ActiveCfg = Release|Any CPU
		{338308EC-41B0-DBD2-B13C-2CD270716695}.Release|Any CPU.Build.0 = Release|Any CPU
		{4A9B7129-E704-76B5-9283-8C5D1D556B01}.Debug|Any CPU.ActiveCfg = Debug|Any CPU
		{4A9B7129-E704-76B5-9283-8C5D1D556B01}.Debug|Any CPU.Build.0 = Debug|Any CPU
		{4A9B7129-E704-76B5-9283-8C5D1D556B01}.Release|Any CPU.ActiveCfg = Release|Any CPU
		{4A9B7129-E704-76B5-9283-8C5D1D556B01}.Release|Any CPU.Build.0 = Release|Any CPU
		{A55DB229-2311-BA75-ED6C-09836689C630}.Debug|Any CPU.ActiveCfg = Debug|Any CPU
		{A55DB229-2311-BA75-ED6C-09836689C630}.Debug|Any CPU.Build.0 = Debug|Any CPU
		{A55DB229-2311-BA75-ED6C-09836689C630}.Release|Any CPU.ActiveCfg = Release|Any CPU
		{A55DB229-2311-BA75-ED6C-09836689C630}.Release|Any CPU.Build.0 = Release|Any CPU
		{BD50EDE9-0253-15F7-430D-E53CF582ACA1}.Debug|Any CPU.ActiveCfg = Debug|Any CPU
		{BD50EDE9-0253-15F7-430D-E53CF582ACA1}.Debug|Any CPU.Build.0 = Debug|Any CPU
		{BD50EDE9-0253-15F7-430D-E53CF582ACA1}.Release|Any CPU.ActiveCfg = Release|Any CPU
		{BD50EDE9-0253-15F7-430D-E53CF582ACA1}.Release|Any CPU.Build.0 = Release|Any CPU
		{D56547E0-84BA-C272-11B2-141D4D4B4299}.Debug|Any CPU.ActiveCfg = Debug|Any CPU
		{D56547E0-84BA-C272-11B2-141D4D4B4299}.Debug|Any CPU.Build.0 = Debug|Any CPU
		{D56547E0-84BA-C272-11B2-141D4D4B4299}.Release|Any CPU.ActiveCfg = Release|Any CPU
		{D56547E0-84BA-C272-11B2-141D4D4B4299}.Release|Any CPU.Build.0 = Release|Any CPU
		{3F2273F7-EDB8-CC37-9D49-C282D82B2597}.Debug|Any CPU.ActiveCfg = Debug|Any CPU
		{3F2273F7-EDB8-CC37-9D49-C282D82B2597}.Debug|Any CPU.Build.0 = Debug|Any CPU
		{3F2273F7-EDB8-CC37-9D49-C282D82B2597}.Release|Any CPU.ActiveCfg = Release|Any CPU
		{3F2273F7-EDB8-CC37-9D49-C282D82B2597}.Release|Any CPU.Build.0 = Release|Any CPU
		{A1B3BF34-B803-B4AC-C3E1-05B525B4B692}.Debug|Any CPU.ActiveCfg = Debug|Any CPU
		{A1B3BF34-B803-B4AC-C3E1-05B525B4B692}.Debug|Any CPU.Build.0 = Debug|Any CPU
		{A1B3BF34-B803-B4AC-C3E1-05B525B4B692}.Release|Any CPU.ActiveCfg = Release|Any CPU
		{A1B3BF34-B803-B4AC-C3E1-05B525B4B692}.Release|Any CPU.Build.0 = Release|Any CPU
		{1EB5118A-1F44-1E80-DE23-CCD0F6D84E57}.Debug|Any CPU.ActiveCfg = Debug|Any CPU
		{1EB5118A-1F44-1E80-DE23-CCD0F6D84E57}.Debug|Any CPU.Build.0 = Debug|Any CPU
		{1EB5118A-1F44-1E80-DE23-CCD0F6D84E57}.Release|Any CPU.ActiveCfg = Release|Any CPU
		{1EB5118A-1F44-1E80-DE23-CCD0F6D84E57}.Release|Any CPU.Build.0 = Release|Any CPU
		{FEBD15E3-53A7-FBD5-68E9-9618CAA10B09}.Debug|Any CPU.ActiveCfg = Debug|Any CPU
		{FEBD15E3-53A7-FBD5-68E9-9618CAA10B09}.Debug|Any CPU.Build.0 = Debug|Any CPU
		{FEBD15E3-53A7-FBD5-68E9-9618CAA10B09}.Release|Any CPU.ActiveCfg = Release|Any CPU
		{FEBD15E3-53A7-FBD5-68E9-9618CAA10B09}.Release|Any CPU.Build.0 = Release|Any CPU
		{D30D036F-0821-DA9B-A564-6151E6890C26}.Debug|Any CPU.ActiveCfg = Debug|Any CPU
		{D30D036F-0821-DA9B-A564-6151E6890C26}.Debug|Any CPU.Build.0 = Debug|Any CPU
		{D30D036F-0821-DA9B-A564-6151E6890C26}.Release|Any CPU.ActiveCfg = Release|Any CPU
		{D30D036F-0821-DA9B-A564-6151E6890C26}.Release|Any CPU.Build.0 = Release|Any CPU
		{51AE004F-599D-F0F1-DC7A-8B28C2BF0B29}.Debug|Any CPU.ActiveCfg = Debug|Any CPU
		{51AE004F-599D-F0F1-DC7A-8B28C2BF0B29}.Debug|Any CPU.Build.0 = Debug|Any CPU
		{51AE004F-599D-F0F1-DC7A-8B28C2BF0B29}.Release|Any CPU.ActiveCfg = Release|Any CPU
		{51AE004F-599D-F0F1-DC7A-8B28C2BF0B29}.Release|Any CPU.Build.0 = Release|Any CPU
		{E27E3ADC-9E7A-669A-C6C4-FC7EE73CEFA5}.Debug|Any CPU.ActiveCfg = Debug|Any CPU
		{E27E3ADC-9E7A-669A-C6C4-FC7EE73CEFA5}.Debug|Any CPU.Build.0 = Debug|Any CPU
		{E27E3ADC-9E7A-669A-C6C4-FC7EE73CEFA5}.Release|Any CPU.ActiveCfg = Release|Any CPU
		{E27E3ADC-9E7A-669A-C6C4-FC7EE73CEFA5}.Release|Any CPU.Build.0 = Release|Any CPU
		{5D189505-F754-F353-7B22-8216C984B464}.Debug|Any CPU.ActiveCfg = Debug|Any CPU
		{5D189505-F754-F353-7B22-8216C984B464}.Debug|Any CPU.Build.0 = Debug|Any CPU
		{5D189505-F754-F353-7B22-8216C984B464}.Release|Any CPU.ActiveCfg = Release|Any CPU
		{5D189505-F754-F353-7B22-8216C984B464}.Release|Any CPU.Build.0 = Release|Any CPU
		{2968A260-D218-406D-9504-B558C247256D}.Debug|Any CPU.ActiveCfg = Debug|Any CPU
		{2968A260-D218-406D-9504-B558C247256D}.Debug|Any CPU.Build.0 = Debug|Any CPU
		{2968A260-D218-406D-9504-B558C247256D}.Release|Any CPU.ActiveCfg = Release|Any CPU
		{2968A260-D218-406D-9504-B558C247256D}.Release|Any CPU.Build.0 = Release|Any CPU
		{DAB4EBFD-CE21-70E8-A1FD-7B5DCE6BF0A9}.Debug|Any CPU.ActiveCfg = Debug|Any CPU
		{DAB4EBFD-CE21-70E8-A1FD-7B5DCE6BF0A9}.Debug|Any CPU.Build.0 = Debug|Any CPU
		{DAB4EBFD-CE21-70E8-A1FD-7B5DCE6BF0A9}.Release|Any CPU.ActiveCfg = Release|Any CPU
		{DAB4EBFD-CE21-70E8-A1FD-7B5DCE6BF0A9}.Release|Any CPU.Build.0 = Release|Any CPU
		{35BA0731-BC85-4CD3-40B7-D799949649D2}.Debug|Any CPU.ActiveCfg = Debug|Any CPU
		{35BA0731-BC85-4CD3-40B7-D799949649D2}.Debug|Any CPU.Build.0 = Debug|Any CPU
		{35BA0731-BC85-4CD3-40B7-D799949649D2}.Release|Any CPU.ActiveCfg = Release|Any CPU
		{35BA0731-BC85-4CD3-40B7-D799949649D2}.Release|Any CPU.Build.0 = Release|Any CPU
		{C8D81145-8FF5-03C4-3DF8-87F206A0650B}.Debug|Any CPU.ActiveCfg = Debug|Any CPU
		{C8D81145-8FF5-03C4-3DF8-87F206A0650B}.Debug|Any CPU.Build.0 = Debug|Any CPU
		{C8D81145-8FF5-03C4-3DF8-87F206A0650B}.Release|Any CPU.ActiveCfg = Release|Any CPU
		{C8D81145-8FF5-03C4-3DF8-87F206A0650B}.Release|Any CPU.Build.0 = Release|Any CPU
		{276C76F9-BCAF-EB67-9B06-D56E1C99D1D5}.Debug|Any CPU.ActiveCfg = Debug|Any CPU
		{276C76F9-BCAF-EB67-9B06-D56E1C99D1D5}.Debug|Any CPU.Build.0 = Debug|Any CPU
		{276C76F9-BCAF-EB67-9B06-D56E1C99D1D5}.Release|Any CPU.ActiveCfg = Release|Any CPU
		{276C76F9-BCAF-EB67-9B06-D56E1C99D1D5}.Release|Any CPU.Build.0 = Release|Any CPU
		{85035168-6220-40EB-DD6E-010796FD3CDD}.Debug|Any CPU.ActiveCfg = Debug|Any CPU
		{85035168-6220-40EB-DD6E-010796FD3CDD}.Debug|Any CPU.Build.0 = Debug|Any CPU
		{85035168-6220-40EB-DD6E-010796FD3CDD}.Release|Any CPU.ActiveCfg = Release|Any CPU
		{85035168-6220-40EB-DD6E-010796FD3CDD}.Release|Any CPU.Build.0 = Release|Any CPU
		{1D64169A-FE6D-C1A0-A81F-A15E9057C77E}.Debug|Any CPU.ActiveCfg = Debug|Any CPU
		{1D64169A-FE6D-C1A0-A81F-A15E9057C77E}.Debug|Any CPU.Build.0 = Debug|Any CPU
		{1D64169A-FE6D-C1A0-A81F-A15E9057C77E}.Release|Any CPU.ActiveCfg = Release|Any CPU
		{1D64169A-FE6D-C1A0-A81F-A15E9057C77E}.Release|Any CPU.Build.0 = Release|Any CPU
		{1FBB42B6-F325-A112-B300-6D9F2994CF71}.Debug|Any CPU.ActiveCfg = Debug|Any CPU
		{1FBB42B6-F325-A112-B300-6D9F2994CF71}.Debug|Any CPU.Build.0 = Debug|Any CPU
		{1FBB42B6-F325-A112-B300-6D9F2994CF71}.Release|Any CPU.ActiveCfg = Release|Any CPU
		{1FBB42B6-F325-A112-B300-6D9F2994CF71}.Release|Any CPU.Build.0 = Release|Any CPU
		{979C724F-8572-6BCD-FE09-F76E9E72ECDC}.Debug|Any CPU.ActiveCfg = Debug|Any CPU
		{979C724F-8572-6BCD-FE09-F76E9E72ECDC}.Debug|Any CPU.Build.0 = Debug|Any CPU
		{979C724F-8572-6BCD-FE09-F76E9E72ECDC}.Release|Any CPU.ActiveCfg = Release|Any CPU
		{979C724F-8572-6BCD-FE09-F76E9E72ECDC}.Release|Any CPU.Build.0 = Release|Any CPU
		{F154FCA6-9CED-F277-2B66-AC5342AF3811}.Debug|Any CPU.ActiveCfg = Debug|Any CPU
		{F154FCA6-9CED-F277-2B66-AC5342AF3811}.Debug|Any CPU.Build.0 = Debug|Any CPU
		{F154FCA6-9CED-F277-2B66-AC5342AF3811}.Release|Any CPU.ActiveCfg = Release|Any CPU
		{F154FCA6-9CED-F277-2B66-AC5342AF3811}.Release|Any CPU.Build.0 = Release|Any CPU
		{A53AAF87-CBFF-DBC2-E587-E86246B7E26B}.Debug|Any CPU.ActiveCfg = Debug|Any CPU
		{A53AAF87-CBFF-DBC2-E587-E86246B7E26B}.Debug|Any CPU.Build.0 = Debug|Any CPU
		{A53AAF87-CBFF-DBC2-E587-E86246B7E26B}.Release|Any CPU.ActiveCfg = Release|Any CPU
		{A53AAF87-CBFF-DBC2-E587-E86246B7E26B}.Release|Any CPU.Build.0 = Release|Any CPU
		{0B34349E-6A27-E0E9-82A9-3E5F690EC4C5}.Debug|Any CPU.ActiveCfg = Debug|Any CPU
		{0B34349E-6A27-E0E9-82A9-3E5F690EC4C5}.Debug|Any CPU.Build.0 = Debug|Any CPU
		{0B34349E-6A27-E0E9-82A9-3E5F690EC4C5}.Release|Any CPU.ActiveCfg = Release|Any CPU
		{0B34349E-6A27-E0E9-82A9-3E5F690EC4C5}.Release|Any CPU.Build.0 = Release|Any CPU
		{8AB0C427-76CA-DC25-1B0B-CF5E0ABFCD17}.Debug|Any CPU.ActiveCfg = Debug|Any CPU
		{8AB0C427-76CA-DC25-1B0B-CF5E0ABFCD17}.Debug|Any CPU.Build.0 = Debug|Any CPU
		{8AB0C427-76CA-DC25-1B0B-CF5E0ABFCD17}.Release|Any CPU.ActiveCfg = Release|Any CPU
		{8AB0C427-76CA-DC25-1B0B-CF5E0ABFCD17}.Release|Any CPU.Build.0 = Release|Any CPU
		{A5525516-0902-7572-DDBA-68213F296155}.Debug|Any CPU.ActiveCfg = Debug|Any CPU
		{A5525516-0902-7572-DDBA-68213F296155}.Debug|Any CPU.Build.0 = Debug|Any CPU
		{A5525516-0902-7572-DDBA-68213F296155}.Release|Any CPU.ActiveCfg = Release|Any CPU
		{A5525516-0902-7572-DDBA-68213F296155}.Release|Any CPU.Build.0 = Release|Any CPU
		{D2D5D684-F3D5-0ADD-C8AA-6B48B458C69B}.Debug|Any CPU.ActiveCfg = Debug|Any CPU
		{D2D5D684-F3D5-0ADD-C8AA-6B48B458C69B}.Debug|Any CPU.Build.0 = Debug|Any CPU
		{D2D5D684-F3D5-0ADD-C8AA-6B48B458C69B}.Release|Any CPU.ActiveCfg = Release|Any CPU
		{D2D5D684-F3D5-0ADD-C8AA-6B48B458C69B}.Release|Any CPU.Build.0 = Release|Any CPU
		{66AE7340-AEE6-7875-719C-2B01A890C9A2}.Debug|Any CPU.ActiveCfg = Debug|Any CPU
		{66AE7340-AEE6-7875-719C-2B01A890C9A2}.Debug|Any CPU.Build.0 = Debug|Any CPU
		{66AE7340-AEE6-7875-719C-2B01A890C9A2}.Release|Any CPU.ActiveCfg = Release|Any CPU
		{66AE7340-AEE6-7875-719C-2B01A890C9A2}.Release|Any CPU.Build.0 = Release|Any CPU
		{4AA04D6A-E2F9-44BC-1798-E15B6E34A9E1}.Debug|Any CPU.ActiveCfg = Debug|Any CPU
		{4AA04D6A-E2F9-44BC-1798-E15B6E34A9E1}.Debug|Any CPU.Build.0 = Debug|Any CPU
		{4AA04D6A-E2F9-44BC-1798-E15B6E34A9E1}.Release|Any CPU.ActiveCfg = Release|Any CPU
		{4AA04D6A-E2F9-44BC-1798-E15B6E34A9E1}.Release|Any CPU.Build.0 = Release|Any CPU
		{0A39B778-9445-F546-A245-B81CFD5B81B7}.Debug|Any CPU.ActiveCfg = Debug|Any CPU
		{0A39B778-9445-F546-A245-B81CFD5B81B7}.Debug|Any CPU.Build.0 = Debug|Any CPU
		{0A39B778-9445-F546-A245-B81CFD5B81B7}.Release|Any CPU.ActiveCfg = Release|Any CPU
		{0A39B778-9445-F546-A245-B81CFD5B81B7}.Release|Any CPU.Build.0 = Release|Any CPU
		{0744454D-4048-A290-A7E9-B0F11109602A}.Debug|Any CPU.ActiveCfg = Debug|Any CPU
		{0744454D-4048-A290-A7E9-B0F11109602A}.Debug|Any CPU.Build.0 = Debug|Any CPU
		{0744454D-4048-A290-A7E9-B0F11109602A}.Release|Any CPU.ActiveCfg = Release|Any CPU
		{0744454D-4048-A290-A7E9-B0F11109602A}.Release|Any CPU.Build.0 = Release|Any CPU
		{51D776F5-6E53-0639-603C-F63550EA5928}.Debug|Any CPU.ActiveCfg = Debug|Any CPU
		{51D776F5-6E53-0639-603C-F63550EA5928}.Debug|Any CPU.Build.0 = Debug|Any CPU
		{51D776F5-6E53-0639-603C-F63550EA5928}.Release|Any CPU.ActiveCfg = Release|Any CPU
		{51D776F5-6E53-0639-603C-F63550EA5928}.Release|Any CPU.Build.0 = Release|Any CPU
		{11521D73-5EB6-1A47-6251-92F5B7BCEA44}.Debug|Any CPU.ActiveCfg = Debug|Any CPU
		{11521D73-5EB6-1A47-6251-92F5B7BCEA44}.Debug|Any CPU.Build.0 = Debug|Any CPU
		{11521D73-5EB6-1A47-6251-92F5B7BCEA44}.Release|Any CPU.ActiveCfg = Release|Any CPU
		{11521D73-5EB6-1A47-6251-92F5B7BCEA44}.Release|Any CPU.Build.0 = Release|Any CPU
		{C2FB340A-7F62-AF7A-D6FA-FE2A8E73AFA2}.Debug|Any CPU.ActiveCfg = Debug|Any CPU
		{C2FB340A-7F62-AF7A-D6FA-FE2A8E73AFA2}.Debug|Any CPU.Build.0 = Debug|Any CPU
		{C2FB340A-7F62-AF7A-D6FA-FE2A8E73AFA2}.Release|Any CPU.ActiveCfg = Release|Any CPU
		{C2FB340A-7F62-AF7A-D6FA-FE2A8E73AFA2}.Release|Any CPU.Build.0 = Release|Any CPU
		{B33E3CF5-05CB-637F-1DCC-B7588072A6AE}.Debug|Any CPU.ActiveCfg = Debug|Any CPU
		{B33E3CF5-05CB-637F-1DCC-B7588072A6AE}.Debug|Any CPU.Build.0 = Debug|Any CPU
		{B33E3CF5-05CB-637F-1DCC-B7588072A6AE}.Release|Any CPU.ActiveCfg = Release|Any CPU
		{B33E3CF5-05CB-637F-1DCC-B7588072A6AE}.Release|Any CPU.Build.0 = Release|Any CPU
		{414490F7-3390-AC8F-9FB4-E2686DD5674F}.Debug|Any CPU.ActiveCfg = Debug|Any CPU
		{414490F7-3390-AC8F-9FB4-E2686DD5674F}.Debug|Any CPU.Build.0 = Debug|Any CPU
		{414490F7-3390-AC8F-9FB4-E2686DD5674F}.Release|Any CPU.ActiveCfg = Release|Any CPU
		{414490F7-3390-AC8F-9FB4-E2686DD5674F}.Release|Any CPU.Build.0 = Release|Any CPU
		{CB8A65EF-0B62-6BF2-60F0-A40842CC7F2D}.Debug|Any CPU.ActiveCfg = Debug|Any CPU
		{CB8A65EF-0B62-6BF2-60F0-A40842CC7F2D}.Debug|Any CPU.Build.0 = Debug|Any CPU
		{CB8A65EF-0B62-6BF2-60F0-A40842CC7F2D}.Release|Any CPU.ActiveCfg = Release|Any CPU
		{CB8A65EF-0B62-6BF2-60F0-A40842CC7F2D}.Release|Any CPU.Build.0 = Release|Any CPU
	EndGlobalSection
	GlobalSection(SolutionProperties) = preSolution
		HideSolutionNode = FALSE
	EndGlobalSection
EndGlobal
